// !$*UTF8*$!
{
	archiveVersion = 1;
	classes = {
	};
	objectVersion = 50;
	objects = {

/* Begin PBXBuildFile section */
		337CFE2726826D4700507C54 /* AppDelegate.m in Sources */ = {isa = PBXBuildFile; fileRef = 337CFE2626826D4700507C54 /* AppDelegate.m */; };
		337CFE2A26826D4700507C54 /* SceneDelegate.m in Sources */ = {isa = PBXBuildFile; fileRef = 337CFE2926826D4700507C54 /* SceneDelegate.m */; };
		337CFE2D26826D4700507C54 /* ViewController.m in Sources */ = {isa = PBXBuildFile; fileRef = 337CFE2C26826D4700507C54 /* ViewController.m */; };
		337CFE3026826D4700507C54 /* Main.storyboard in Resources */ = {isa = PBXBuildFile; fileRef = 337CFE2E26826D4700507C54 /* Main.storyboard */; };
		337CFE3226826D4900507C54 /* Assets.xcassets in Resources */ = {isa = PBXBuildFile; fileRef = 337CFE3126826D4900507C54 /* Assets.xcassets */; };
		337CFE3526826D4900507C54 /* LaunchScreen.storyboard in Resources */ = {isa = PBXBuildFile; fileRef = 337CFE3326826D4900507C54 /* LaunchScreen.storyboard */; };
		337CFE3826826D4900507C54 /* main.m in Sources */ = {isa = PBXBuildFile; fileRef = 337CFE3726826D4900507C54 /* main.m */; };
		337CFE4226826D4A00507C54 /* Tip_CalculatorTests.m in Sources */ = {isa = PBXBuildFile; fileRef = 337CFE4126826D4A00507C54 /* Tip_CalculatorTests.m */; };
		337CFE4D26826D4A00507C54 /* Tip_CalculatorUITests.m in Sources */ = {isa = PBXBuildFile; fileRef = 337CFE4C26826D4A00507C54 /* Tip_CalculatorUITests.m */; };
/* End PBXBuildFile section */

/* Begin PBXContainerItemProxy section */
		337CFE3E26826D4A00507C54 /* PBXContainerItemProxy */ = {
			isa = PBXContainerItemProxy;
			containerPortal = 337CFE1A26826D4700507C54 /* Project object */;
			proxyType = 1;
			remoteGlobalIDString = 337CFE2126826D4700507C54;
			remoteInfo = "Tip Calculator";
		};
		337CFE4926826D4A00507C54 /* PBXContainerItemProxy */ = {
			isa = PBXContainerItemProxy;
			containerPortal = 337CFE1A26826D4700507C54 /* Project object */;
			proxyType = 1;
			remoteGlobalIDString = 337CFE2126826D4700507C54;
			remoteInfo = "Tip Calculator";
		};
/* End PBXContainerItemProxy section */

/* Begin PBXFileReference section */
		337CFE2226826D4700507C54 /* Tip Calculator.app */ = {isa = PBXFileReference; explicitFileType = wrapper.application; includeInIndex = 0; path = "Tip Calculator.app"; sourceTree = BUILT_PRODUCTS_DIR; };
		337CFE2526826D4700507C54 /* AppDelegate.h */ = {isa = PBXFileReference; lastKnownFileType = sourcecode.c.h; path = AppDelegate.h; sourceTree = "<group>"; };
		337CFE2626826D4700507C54 /* AppDelegate.m */ = {isa = PBXFileReference; lastKnownFileType = sourcecode.c.objc; path = AppDelegate.m; sourceTree = "<group>"; };
		337CFE2826826D4700507C54 /* SceneDelegate.h */ = {isa = PBXFileReference; lastKnownFileType = sourcecode.c.h; path = SceneDelegate.h; sourceTree = "<group>"; };
		337CFE2926826D4700507C54 /* SceneDelegate.m */ = {isa = PBXFileReference; lastKnownFileType = sourcecode.c.objc; path = SceneDelegate.m; sourceTree = "<group>"; };
		337CFE2B26826D4700507C54 /* ViewController.h */ = {isa = PBXFileReference; lastKnownFileType = sourcecode.c.h; path = ViewController.h; sourceTree = "<group>"; };
		337CFE2C26826D4700507C54 /* ViewController.m */ = {isa = PBXFileReference; lastKnownFileType = sourcecode.c.objc; path = ViewController.m; sourceTree = "<group>"; };
		337CFE2F26826D4700507C54 /* Base */ = {isa = PBXFileReference; lastKnownFileType = file.storyboard; name = Base; path = Base.lproj/Main.storyboard; sourceTree = "<group>"; };
		337CFE3126826D4900507C54 /* Assets.xcassets */ = {isa = PBXFileReference; lastKnownFileType = folder.assetcatalog; path = Assets.xcassets; sourceTree = "<group>"; };
		337CFE3426826D4900507C54 /* Base */ = {isa = PBXFileReference; lastKnownFileType = file.storyboard; name = Base; path = Base.lproj/LaunchScreen.storyboard; sourceTree = "<group>"; };
		337CFE3626826D4900507C54 /* Info.plist */ = {isa = PBXFileReference; lastKnownFileType = text.plist.xml; path = Info.plist; sourceTree = "<group>"; };
		337CFE3726826D4900507C54 /* main.m */ = {isa = PBXFileReference; lastKnownFileType = sourcecode.c.objc; path = main.m; sourceTree = "<group>"; };
		337CFE3D26826D4A00507C54 /* Tip CalculatorTests.xctest */ = {isa = PBXFileReference; explicitFileType = wrapper.cfbundle; includeInIndex = 0; path = "Tip CalculatorTests.xctest"; sourceTree = BUILT_PRODUCTS_DIR; };
		337CFE4126826D4A00507C54 /* Tip_CalculatorTests.m */ = {isa = PBXFileReference; lastKnownFileType = sourcecode.c.objc; path = Tip_CalculatorTests.m; sourceTree = "<group>"; };
		337CFE4326826D4A00507C54 /* Info.plist */ = {isa = PBXFileReference; lastKnownFileType = text.plist.xml; path = Info.plist; sourceTree = "<group>"; };
		337CFE4826826D4A00507C54 /* Tip CalculatorUITests.xctest */ = {isa = PBXFileReference; explicitFileType = wrapper.cfbundle; includeInIndex = 0; path = "Tip CalculatorUITests.xctest"; sourceTree = BUILT_PRODUCTS_DIR; };
		337CFE4C26826D4A00507C54 /* Tip_CalculatorUITests.m */ = {isa = PBXFileReference; lastKnownFileType = sourcecode.c.objc; path = Tip_CalculatorUITests.m; sourceTree = "<group>"; };
		337CFE4E26826D4A00507C54 /* Info.plist */ = {isa = PBXFileReference; lastKnownFileType = text.plist.xml; path = Info.plist; sourceTree = "<group>"; };
/* End PBXFileReference section */

/* Begin PBXFrameworksBuildPhase section */
		337CFE1F26826D4700507C54 /* Frameworks */ = {
			isa = PBXFrameworksBuildPhase;
			buildActionMask = 2147483647;
			files = (
			);
			runOnlyForDeploymentPostprocessing = 0;
		};
		337CFE3A26826D4A00507C54 /* Frameworks */ = {
			isa = PBXFrameworksBuildPhase;
			buildActionMask = 2147483647;
			files = (
			);
			runOnlyForDeploymentPostprocessing = 0;
		};
		337CFE4526826D4A00507C54 /* Frameworks */ = {
			isa = PBXFrameworksBuildPhase;
			buildActionMask = 2147483647;
			files = (
			);
			runOnlyForDeploymentPostprocessing = 0;
		};
/* End PBXFrameworksBuildPhase section */

/* Begin PBXGroup section */
		337CFE1926826D4700507C54 = {
			isa = PBXGroup;
			children = (
				337CFE2426826D4700507C54 /* Tip Calculator */,
				337CFE4026826D4A00507C54 /* Tip CalculatorTests */,
				337CFE4B26826D4A00507C54 /* Tip CalculatorUITests */,
				337CFE2326826D4700507C54 /* Products */,
			);
			sourceTree = "<group>";
		};
		337CFE2326826D4700507C54 /* Products */ = {
			isa = PBXGroup;
			children = (
				337CFE2226826D4700507C54 /* Tip Calculator.app */,
				337CFE3D26826D4A00507C54 /* Tip CalculatorTests.xctest */,
				337CFE4826826D4A00507C54 /* Tip CalculatorUITests.xctest */,
			);
			name = Products;
			sourceTree = "<group>";
		};
		337CFE2426826D4700507C54 /* Tip Calculator */ = {
			isa = PBXGroup;
			children = (
				337CFE2526826D4700507C54 /* AppDelegate.h */,
				337CFE2626826D4700507C54 /* AppDelegate.m */,
				337CFE2826826D4700507C54 /* SceneDelegate.h */,
				337CFE2926826D4700507C54 /* SceneDelegate.m */,
				337CFE2B26826D4700507C54 /* ViewController.h */,
				337CFE2C26826D4700507C54 /* ViewController.m */,
				337CFE2E26826D4700507C54 /* Main.storyboard */,
				337CFE3126826D4900507C54 /* Assets.xcassets */,
				337CFE3326826D4900507C54 /* LaunchScreen.storyboard */,
				337CFE3626826D4900507C54 /* Info.plist */,
				337CFE3726826D4900507C54 /* main.m */,
			);
			path = "Tip Calculator";
			sourceTree = "<group>";
		};
		337CFE4026826D4A00507C54 /* Tip CalculatorTests */ = {
			isa = PBXGroup;
			children = (
				337CFE4126826D4A00507C54 /* Tip_CalculatorTests.m */,
				337CFE4326826D4A00507C54 /* Info.plist */,
			);
			path = "Tip CalculatorTests";
			sourceTree = "<group>";
		};
		337CFE4B26826D4A00507C54 /* Tip CalculatorUITests */ = {
			isa = PBXGroup;
			children = (
				337CFE4C26826D4A00507C54 /* Tip_CalculatorUITests.m */,
				337CFE4E26826D4A00507C54 /* Info.plist */,
			);
			path = "Tip CalculatorUITests";
			sourceTree = "<group>";
		};
/* End PBXGroup section */

/* Begin PBXNativeTarget section */
		337CFE2126826D4700507C54 /* Tip Calculator */ = {
			isa = PBXNativeTarget;
			buildConfigurationList = 337CFE5126826D4A00507C54 /* Build configuration list for PBXNativeTarget "Tip Calculator" */;
			buildPhases = (
				337CFE1E26826D4700507C54 /* Sources */,
				337CFE1F26826D4700507C54 /* Frameworks */,
				337CFE2026826D4700507C54 /* Resources */,
			);
			buildRules = (
			);
			dependencies = (
			);
			name = "Tip Calculator";
			productName = "Tip Calculator";
			productReference = 337CFE2226826D4700507C54 /* Tip Calculator.app */;
			productType = "com.apple.product-type.application";
		};
		337CFE3C26826D4A00507C54 /* Tip CalculatorTests */ = {
			isa = PBXNativeTarget;
			buildConfigurationList = 337CFE5426826D4A00507C54 /* Build configuration list for PBXNativeTarget "Tip CalculatorTests" */;
			buildPhases = (
				337CFE3926826D4A00507C54 /* Sources */,
				337CFE3A26826D4A00507C54 /* Frameworks */,
				337CFE3B26826D4A00507C54 /* Resources */,
			);
			buildRules = (
			);
			dependencies = (
				337CFE3F26826D4A00507C54 /* PBXTargetDependency */,
			);
			name = "Tip CalculatorTests";
			productName = "Tip CalculatorTests";
			productReference = 337CFE3D26826D4A00507C54 /* Tip CalculatorTests.xctest */;
			productType = "com.apple.product-type.bundle.unit-test";
		};
		337CFE4726826D4A00507C54 /* Tip CalculatorUITests */ = {
			isa = PBXNativeTarget;
			buildConfigurationList = 337CFE5726826D4A00507C54 /* Build configuration list for PBXNativeTarget "Tip CalculatorUITests" */;
			buildPhases = (
				337CFE4426826D4A00507C54 /* Sources */,
				337CFE4526826D4A00507C54 /* Frameworks */,
				337CFE4626826D4A00507C54 /* Resources */,
			);
			buildRules = (
			);
			dependencies = (
				337CFE4A26826D4A00507C54 /* PBXTargetDependency */,
			);
			name = "Tip CalculatorUITests";
			productName = "Tip CalculatorUITests";
			productReference = 337CFE4826826D4A00507C54 /* Tip CalculatorUITests.xctest */;
			productType = "com.apple.product-type.bundle.ui-testing";
		};
/* End PBXNativeTarget section */

/* Begin PBXProject section */
		337CFE1A26826D4700507C54 /* Project object */ = {
			isa = PBXProject;
			attributes = {
				LastUpgradeCheck = 1250;
				TargetAttributes = {
					337CFE2126826D4700507C54 = {
						CreatedOnToolsVersion = 12.5.1;
					};
					337CFE3C26826D4A00507C54 = {
						CreatedOnToolsVersion = 12.5.1;
						TestTargetID = 337CFE2126826D4700507C54;
					};
					337CFE4726826D4A00507C54 = {
						CreatedOnToolsVersion = 12.5.1;
						TestTargetID = 337CFE2126826D4700507C54;
					};
				};
			};
			buildConfigurationList = 337CFE1D26826D4700507C54 /* Build configuration list for PBXProject "Tip Calculator" */;
			compatibilityVersion = "Xcode 9.3";
			developmentRegion = en;
			hasScannedForEncodings = 0;
			knownRegions = (
				en,
				Base,
			);
			mainGroup = 337CFE1926826D4700507C54;
			productRefGroup = 337CFE2326826D4700507C54 /* Products */;
			projectDirPath = "";
			projectRoot = "";
			targets = (
				337CFE2126826D4700507C54 /* Tip Calculator */,
				337CFE3C26826D4A00507C54 /* Tip CalculatorTests */,
				337CFE4726826D4A00507C54 /* Tip CalculatorUITests */,
			);
		};
/* End PBXProject section */

/* Begin PBXResourcesBuildPhase section */
		337CFE2026826D4700507C54 /* Resources */ = {
			isa = PBXResourcesBuildPhase;
			buildActionMask = 2147483647;
			files = (
				337CFE3526826D4900507C54 /* LaunchScreen.storyboard in Resources */,
				337CFE3226826D4900507C54 /* Assets.xcassets in Resources */,
				337CFE3026826D4700507C54 /* Main.storyboard in Resources */,
			);
			runOnlyForDeploymentPostprocessing = 0;
		};
		337CFE3B26826D4A00507C54 /* Resources */ = {
			isa = PBXResourcesBuildPhase;
			buildActionMask = 2147483647;
			files = (
			);
			runOnlyForDeploymentPostprocessing = 0;
		};
		337CFE4626826D4A00507C54 /* Resources */ = {
			isa = PBXResourcesBuildPhase;
			buildActionMask = 2147483647;
			files = (
			);
			runOnlyForDeploymentPostprocessing = 0;
		};
/* End PBXResourcesBuildPhase section */

/* Begin PBXSourcesBuildPhase section */
		337CFE1E26826D4700507C54 /* Sources */ = {
			isa = PBXSourcesBuildPhase;
			buildActionMask = 2147483647;
			files = (
				337CFE2D26826D4700507C54 /* ViewController.m in Sources */,
				337CFE2726826D4700507C54 /* AppDelegate.m in Sources */,
				337CFE3826826D4900507C54 /* main.m in Sources */,
				337CFE2A26826D4700507C54 /* SceneDelegate.m in Sources */,
			);
			runOnlyForDeploymentPostprocessing = 0;
		};
		337CFE3926826D4A00507C54 /* Sources */ = {
			isa = PBXSourcesBuildPhase;
			buildActionMask = 2147483647;
			files = (
				337CFE4226826D4A00507C54 /* Tip_CalculatorTests.m in Sources */,
			);
			runOnlyForDeploymentPostprocessing = 0;
		};
		337CFE4426826D4A00507C54 /* Sources */ = {
			isa = PBXSourcesBuildPhase;
			buildActionMask = 2147483647;
			files = (
				337CFE4D26826D4A00507C54 /* Tip_CalculatorUITests.m in Sources */,
			);
			runOnlyForDeploymentPostprocessing = 0;
		};
/* End PBXSourcesBuildPhase section */

/* Begin PBXTargetDependency section */
		337CFE3F26826D4A00507C54 /* PBXTargetDependency */ = {
			isa = PBXTargetDependency;
			target = 337CFE2126826D4700507C54 /* Tip Calculator */;
			targetProxy = 337CFE3E26826D4A00507C54 /* PBXContainerItemProxy */;
		};
		337CFE4A26826D4A00507C54 /* PBXTargetDependency */ = {
			isa = PBXTargetDependency;
			target = 337CFE2126826D4700507C54 /* Tip Calculator */;
			targetProxy = 337CFE4926826D4A00507C54 /* PBXContainerItemProxy */;
		};
/* End PBXTargetDependency section */

/* Begin PBXVariantGroup section */
		337CFE2E26826D4700507C54 /* Main.storyboard */ = {
			isa = PBXVariantGroup;
			children = (
				337CFE2F26826D4700507C54 /* Base */,
			);
			name = Main.storyboard;
			sourceTree = "<group>";
		};
		337CFE3326826D4900507C54 /* LaunchScreen.storyboard */ = {
			isa = PBXVariantGroup;
			children = (
				337CFE3426826D4900507C54 /* Base */,
			);
			name = LaunchScreen.storyboard;
			sourceTree = "<group>";
		};
/* End PBXVariantGroup section */

/* Begin XCBuildConfiguration section */
		337CFE4F26826D4A00507C54 /* Debug */ = {
			isa = XCBuildConfiguration;
			buildSettings = {
				ALWAYS_SEARCH_USER_PATHS = NO;
				CLANG_ANALYZER_NONNULL = YES;
				CLANG_ANALYZER_NUMBER_OBJECT_CONVERSION = YES_AGGRESSIVE;
				CLANG_CXX_LANGUAGE_STANDARD = "gnu++14";
				CLANG_CXX_LIBRARY = "libc++";
				CLANG_ENABLE_MODULES = YES;
				CLANG_ENABLE_OBJC_ARC = YES;
				CLANG_ENABLE_OBJC_WEAK = YES;
				CLANG_WARN_BLOCK_CAPTURE_AUTORELEASING = YES;
				CLANG_WARN_BOOL_CONVERSION = YES;
				CLANG_WARN_COMMA = YES;
				CLANG_WARN_CONSTANT_CONVERSION = YES;
				CLANG_WARN_DEPRECATED_OBJC_IMPLEMENTATIONS = YES;
				CLANG_WARN_DIRECT_OBJC_ISA_USAGE = YES_ERROR;
				CLANG_WARN_DOCUMENTATION_COMMENTS = YES;
				CLANG_WARN_EMPTY_BODY = YES;
				CLANG_WARN_ENUM_CONVERSION = YES;
				CLANG_WARN_INFINITE_RECURSION = YES;
				CLANG_WARN_INT_CONVERSION = YES;
				CLANG_WARN_NON_LITERAL_NULL_CONVERSION = YES;
				CLANG_WARN_OBJC_IMPLICIT_RETAIN_SELF = YES;
				CLANG_WARN_OBJC_LITERAL_CONVERSION = YES;
				CLANG_WARN_OBJC_ROOT_CLASS = YES_ERROR;
				CLANG_WARN_QUOTED_INCLUDE_IN_FRAMEWORK_HEADER = YES;
				CLANG_WARN_RANGE_LOOP_ANALYSIS = YES;
				CLANG_WARN_STRICT_PROTOTYPES = YES;
				CLANG_WARN_SUSPICIOUS_MOVE = YES;
				CLANG_WARN_UNGUARDED_AVAILABILITY = YES_AGGRESSIVE;
				CLANG_WARN_UNREACHABLE_CODE = YES;
				CLANG_WARN__DUPLICATE_METHOD_MATCH = YES;
				COPY_PHASE_STRIP = NO;
				DEBUG_INFORMATION_FORMAT = dwarf;
				ENABLE_STRICT_OBJC_MSGSEND = YES;
				ENABLE_TESTABILITY = YES;
				GCC_C_LANGUAGE_STANDARD = gnu11;
				GCC_DYNAMIC_NO_PIC = NO;
				GCC_NO_COMMON_BLOCKS = YES;
				GCC_OPTIMIZATION_LEVEL = 0;
				GCC_PREPROCESSOR_DEFINITIONS = (
					"DEBUG=1",
					"$(inherited)",
				);
				GCC_WARN_64_TO_32_BIT_CONVERSION = YES;
				GCC_WARN_ABOUT_RETURN_TYPE = YES_ERROR;
				GCC_WARN_UNDECLARED_SELECTOR = YES;
				GCC_WARN_UNINITIALIZED_AUTOS = YES_AGGRESSIVE;
				GCC_WARN_UNUSED_FUNCTION = YES;
				GCC_WARN_UNUSED_VARIABLE = YES;
				IPHONEOS_DEPLOYMENT_TARGET = 14.5;
				MTL_ENABLE_DEBUG_INFO = INCLUDE_SOURCE;
				MTL_FAST_MATH = YES;
				ONLY_ACTIVE_ARCH = YES;
				SDKROOT = iphoneos;
			};
			name = Debug;
		};
		337CFE5026826D4A00507C54 /* Release */ = {
			isa = XCBuildConfiguration;
			buildSettings = {
				ALWAYS_SEARCH_USER_PATHS = NO;
				CLANG_ANALYZER_NONNULL = YES;
				CLANG_ANALYZER_NUMBER_OBJECT_CONVERSION = YES_AGGRESSIVE;
				CLANG_CXX_LANGUAGE_STANDARD = "gnu++14";
				CLANG_CXX_LIBRARY = "libc++";
				CLANG_ENABLE_MODULES = YES;
				CLANG_ENABLE_OBJC_ARC = YES;
				CLANG_ENABLE_OBJC_WEAK = YES;
				CLANG_WARN_BLOCK_CAPTURE_AUTORELEASING = YES;
				CLANG_WARN_BOOL_CONVERSION = YES;
				CLANG_WARN_COMMA = YES;
				CLANG_WARN_CONSTANT_CONVERSION = YES;
				CLANG_WARN_DEPRECATED_OBJC_IMPLEMENTATIONS = YES;
				CLANG_WARN_DIRECT_OBJC_ISA_USAGE = YES_ERROR;
				CLANG_WARN_DOCUMENTATION_COMMENTS = YES;
				CLANG_WARN_EMPTY_BODY = YES;
				CLANG_WARN_ENUM_CONVERSION = YES;
				CLANG_WARN_INFINITE_RECURSION = YES;
				CLANG_WARN_INT_CONVERSION = YES;
				CLANG_WARN_NON_LITERAL_NULL_CONVERSION = YES;
				CLANG_WARN_OBJC_IMPLICIT_RETAIN_SELF = YES;
				CLANG_WARN_OBJC_LITERAL_CONVERSION = YES;
				CLANG_WARN_OBJC_ROOT_CLASS = YES_ERROR;
				CLANG_WARN_QUOTED_INCLUDE_IN_FRAMEWORK_HEADER = YES;
				CLANG_WARN_RANGE_LOOP_ANALYSIS = YES;
				CLANG_WARN_STRICT_PROTOTYPES = YES;
				CLANG_WARN_SUSPICIOUS_MOVE = YES;
				CLANG_WARN_UNGUARDED_AVAILABILITY = YES_AGGRESSIVE;
				CLANG_WARN_UNREACHABLE_CODE = YES;
				CLANG_WARN__DUPLICATE_METHOD_MATCH = YES;
				COPY_PHASE_STRIP = NO;
				DEBUG_INFORMATION_FORMAT = "dwarf-with-dsym";
				ENABLE_NS_ASSERTIONS = NO;
				ENABLE_STRICT_OBJC_MSGSEND = YES;
				GCC_C_LANGUAGE_STANDARD = gnu11;
				GCC_NO_COMMON_BLOCKS = YES;
				GCC_WARN_64_TO_32_BIT_CONVERSION = YES;
				GCC_WARN_ABOUT_RETURN_TYPE = YES_ERROR;
				GCC_WARN_UNDECLARED_SELECTOR = YES;
				GCC_WARN_UNINITIALIZED_AUTOS = YES_AGGRESSIVE;
				GCC_WARN_UNUSED_FUNCTION = YES;
				GCC_WARN_UNUSED_VARIABLE = YES;
				IPHONEOS_DEPLOYMENT_TARGET = 14.5;
				MTL_ENABLE_DEBUG_INFO = NO;
				MTL_FAST_MATH = YES;
				SDKROOT = iphoneos;
				VALIDATE_PRODUCT = YES;
			};
			name = Release;
		};
		337CFE5226826D4A00507C54 /* Debug */ = {
			isa = XCBuildConfiguration;
			buildSettings = {
				ASSETCATALOG_COMPILER_APPICON_NAME = AppIcon;
				ASSETCATALOG_COMPILER_GLOBAL_ACCENT_COLOR_NAME = AccentColor;
				CODE_SIGN_STYLE = Automatic;
				DEVELOPMENT_TEAM = TS38J5T7ZU;
				INFOPLIST_FILE = "Tip Calculator/Info.plist";
				LD_RUNPATH_SEARCH_PATHS = (
					"$(inherited)",
					"@executable_path/Frameworks",
				);
				PRODUCT_BUNDLE_IDENTIFIER = "com.pranithakona.Tip-Calculator";
				PRODUCT_NAME = "$(TARGET_NAME)";
				TARGETED_DEVICE_FAMILY = "1,2";
			};
			name = Debug;
		};
		337CFE5326826D4A00507C54 /* Release */ = {
			isa = XCBuildConfiguration;
			buildSettings = {
				ASSETCATALOG_COMPILER_APPICON_NAME = AppIcon;
				ASSETCATALOG_COMPILER_GLOBAL_ACCENT_COLOR_NAME = AccentColor;
				CODE_SIGN_STYLE = Automatic;
				DEVELOPMENT_TEAM = TS38J5T7ZU;
				INFOPLIST_FILE = "Tip Calculator/Info.plist";
				LD_RUNPATH_SEARCH_PATHS = (
					"$(inherited)",
					"@executable_path/Frameworks",
				);
				PRODUCT_BUNDLE_IDENTIFIER = "com.pranithakona.Tip-Calculator";
				PRODUCT_NAME = "$(TARGET_NAME)";
				TARGETED_DEVICE_FAMILY = "1,2";
			};
			name = Release;
		};
		337CFE5526826D4A00507C54 /* Debug */ = {
			isa = XCBuildConfiguration;
			buildSettings = {
				BUNDLE_LOADER = "$(TEST_HOST)";
				CODE_SIGN_STYLE = Automatic;
				DEVELOPMENT_TEAM = TS38J5T7ZU;
				INFOPLIST_FILE = "Tip CalculatorTests/Info.plist";
				IPHONEOS_DEPLOYMENT_TARGET = 14.5;
				LD_RUNPATH_SEARCH_PATHS = (
					"$(inherited)",
					"@executable_path/Frameworks",
					"@loader_path/Frameworks",
				);
				PRODUCT_BUNDLE_IDENTIFIER = "com.pranithakona.Tip-CalculatorTests";
				PRODUCT_NAME = "$(TARGET_NAME)";
				TARGETED_DEVICE_FAMILY = "1,2";
				TEST_HOST = "$(BUILT_PRODUCTS_DIR)/Tip Calculator.app/Tip Calculator";
			};
			name = Debug;
		};
		337CFE5626826D4A00507C54 /* Release */ = {
			isa = XCBuildConfiguration;
			buildSettings = {
				BUNDLE_LOADER = "$(TEST_HOST)";
				CODE_SIGN_STYLE = Automatic;
				DEVELOPMENT_TEAM = TS38J5T7ZU;
				INFOPLIST_FILE = "Tip CalculatorTests/Info.plist";
				IPHONEOS_DEPLOYMENT_TARGET = 14.5;
				LD_RUNPATH_SEARCH_PATHS = (
					"$(inherited)",
					"@executable_path/Frameworks",
					"@loader_path/Frameworks",
				);
				PRODUCT_BUNDLE_IDENTIFIER = "com.pranithakona.Tip-CalculatorTests";
				PRODUCT_NAME = "$(TARGET_NAME)";
				TARGETED_DEVICE_FAMILY = "1,2";
				TEST_HOST = "$(BUILT_PRODUCTS_DIR)/Tip Calculator.app/Tip Calculator";
			};
			name = Release;
		};
		337CFE5826826D4A00507C54 /* Debug */ = {
			isa = XCBuildConfiguration;
			buildSettings = {
				CODE_SIGN_STYLE = Automatic;
				DEVELOPMENT_TEAM = TS38J5T7ZU;
				INFOPLIST_FILE = "Tip CalculatorUITests/Info.plist";
				LD_RUNPATH_SEARCH_PATHS = (
					"$(inherited)",
					"@executable_path/Frameworks",
					"@loader_path/Frameworks",
				);
				PRODUCT_BUNDLE_IDENTIFIER = "com.pranithakona.Tip-CalculatorUITests";
				PRODUCT_NAME = "$(TARGET_NAME)";
				TARGETED_DEVICE_FAMILY = "1,2";
				TEST_TARGET_NAME = "Tip Calculator";
			};
			name = Debug;
		};
		337CFE5926826D4A00507C54 /* Release */ = {
			isa = XCBuildConfiguration;
			buildSettings = {
				CODE_SIGN_STYLE = Automatic;
				DEVELOPMENT_TEAM = TS38J5T7ZU;
				INFOPLIST_FILE = "Tip CalculatorUITests/Info.plist";
				LD_RUNPATH_SEARCH_PATHS = (
					"$(inherited)",
					"@executable_path/Frameworks",
					"@loader_path/Frameworks",
				);
				PRODUCT_BUNDLE_IDENTIFIER = "com.pranithakona.Tip-CalculatorUITests";
				PRODUCT_NAME = "$(TARGET_NAME)";
				TARGETED_DEVICE_FAMILY = "1,2";
				TEST_TARGET_NAME = "Tip Calculator";
			};
			name = Release;
		};
/* End XCBuildConfiguration section */

/* Begin XCConfigurationList section */
		337CFE1D26826D4700507C54 /* Build configuration list for PBXProject "Tip Calculator" */ = {
			isa = XCConfigurationList;
			buildConfigurations = (
				337CFE4F26826D4A00507C54 /* Debug */,
				337CFE5026826D4A00507C54 /* Release */,
			);
			defaultConfigurationIsVisible = 0;
			defaultConfigurationName = Release;
		};
		337CFE5126826D4A00507C54 /* Build configuration list for PBXNativeTarget "Tip Calculator" */ = {
			isa = XCConfigurationList;
			buildConfigurations = (
				337CFE5226826D4A00507C54 /* Debug */,
				337CFE5326826D4A00507C54 /* Release */,
			);
			defaultConfigurationIsVisible = 0;
			defaultConfigurationName = Release;
		};
		337CFE5426826D4A00507C54 /* Build configuration list for PBXNativeTarget "Tip CalculatorTests" */ = {
			isa = XCConfigurationList;
			buildConfigurations = (
				337CFE5526826D4A00507C54 /* Debug */,
				337CFE5626826D4A00507C54 /* Release */,
			);
			defaultConfigurationIsVisible = 0;
			defaultConfigurationName = Release;
		};
		337CFE5726826D4A00507C54 /* Build configuration list for PBXNativeTarget "Tip CalculatorUITests" */ = {
			isa = XCConfigurationList;
			buildConfigurations = (
				337CFE5826826D4A00507C54 /* Debug */,
				337CFE5926826D4A00507C54 /* Release */,
			);
			defaultConfigurationIsVisible = 0;
			defaultConfigurationName = Release;
		};
/* End XCConfigurationList section */
	};
	rootObject = 337CFE1A26826D4700507C54 /* Project object */;
}
